{
  "name": "CS350",
  "lockfileVersion": 3,
  "requires": true,
  "packages": {
    "": {
      "dependencies": {
        "vue-search-input": "^1.1.11"
      }
    },
    "node_modules/vue-search-input": {
      "version": "1.1.11",
      "resolved": "https://registry.npmjs.org/vue-search-input/-/vue-search-input-1.1.11.tgz",
      "integrity": "sha512-8Si4lWrxcL6jYgjNlsQpTD1ympYWSQ9DGzx3RXZM2WI8cZilqttIlJwagICK2QEwfLv65RrlJxnaNW0B23jmVA=="
    }
  }
}
